
Microsoft Visual Studio Solution File, Format Version 12.00
# Visual Studio Version 17
VisualStudioVersion = 17.2.32630.192
MinimumVisualStudioVersion = 10.0.40219.1
Project("{FAE04EC0-301F-11D3-BF4B-00C04F79EFBC}") = "CliverSystem", "CliverSystem\CliverSystem.csproj", "{E35D27F6-9FAD-414F-A059-AFF56B92A6F9}"
EndProject
Global
	GlobalSection(SolutionConfigurationPlatforms) = preSolution
		Debug|Any CPU = Debug|Any CPU
		Release|Any CPU = Release|Any CPU
	EndGlobalSection
	GlobalSection(ProjectConfigurationPlatforms) = postSolution
		{E35D27F6-9FAD-414F-A059-AFF56B92A6F9}.Debug|Any CPU.ActiveCfg = Debug|Any CPU
		{E35D27F6-9FAD-414F-A059-AFF56B92A6F9}.Debug|Any CPU.Build.0 = Debug|Any CPU
		{E35D27F6-9FAD-414F-A059-AFF56B92A6F9}.Release|Any CPU.ActiveCfg = Release|Any CPU
		{E35D27F6-9FAD-414F-A059-AFF56B92A6F9}.Release|Any CPU.Build.0 = Release|Any CPU
	EndGlobalSection
	GlobalSection(SolutionProperties) = preSolution
		HideSolutionNode = FALSE
	EndGlobalSection
	GlobalSection(ExtensibilityGlobals) = postSolution
		SolutionGuid = {192BC511-91A2-460E-8A3C-72277D76559F}
	EndGlobalSection
EndGlobal
